
Microsoft Visual Studio Solution File, Format Version 12.00
# Visual Studio Version 16
VisualStudioVersion = 16.0.30413.136
MinimumVisualStudioVersion = 10.0.40219.1
Project("{FAE04EC0-301F-11D3-BF4B-00C04F79EFBC}") = "Menu", "Menu\Menu.csproj", "{0816A4FC-19B1-4F1A-A39C-E7385D4DD408}"
EndProject
Global
	GlobalSection(SolutionConfigurationPlatforms) = preSolution
		Debug|Any CPU = Debug|Any CPU
		Release|Any CPU = Release|Any CPU
	EndGlobalSection
	GlobalSection(ProjectConfigurationPlatforms) = postSolution
		{0816A4FC-19B1-4F1A-A39C-E7385D4DD408}.Debug|Any CPU.ActiveCfg = Debug|Any CPU
		{0816A4FC-19B1-4F1A-A39C-E7385D4DD408}.Debug|Any CPU.Build.0 = Debug|Any CPU
		{0816A4FC-19B1-4F1A-A39C-E7385D4DD408}.Release|Any CPU.ActiveCfg = Release|Any CPU
		{0816A4FC-19B1-4F1A-A39C-E7385D4DD408}.Release|Any CPU.Build.0 = Release|Any CPU
	EndGlobalSection
	GlobalSection(SolutionProperties) = preSolution
		HideSolutionNode = FALSE
	EndGlobalSection
	GlobalSection(ExtensibilityGlobals) = postSolution
		SolutionGuid = {6D9CCD4A-0DB9-43C8-A7A5-21797A96DD9C}
	EndGlobalSection
EndGlobal
